
Microsoft Visual Studio Solution File, Format Version 12.00
# Visual Studio Version 17
VisualStudioVersion = 17.1.32421.90
MinimumVisualStudioVersion = 10.0.40219.1
Project("{FAE04EC0-301F-11D3-BF4B-00C04F79EFBC}") = "FeatureFlags", "FeatureFlags\FeatureFlags.csproj", "{38A851E7-B231-4687-AFDC-02320990D276}"
EndProject
Global
	GlobalSection(SolutionConfigurationPlatforms) = preSolution
		Debug|Any CPU = Debug|Any CPU
		Release|Any CPU = Release|Any CPU
	EndGlobalSection
	GlobalSection(ProjectConfigurationPlatforms) = postSolution
		{38A851E7-B231-4687-AFDC-02320990D276}.Debug|Any CPU.ActiveCfg = Debug|Any CPU
		{38A851E7-B231-4687-AFDC-02320990D276}.Debug|Any CPU.Build.0 = Debug|Any CPU
		{38A851E7-B231-4687-AFDC-02320990D276}.Release|Any CPU.ActiveCfg = Release|Any CPU
		{38A851E7-B231-4687-AFDC-02320990D276}.Release|Any CPU.Build.0 = Release|Any CPU
	EndGlobalSection
	GlobalSection(SolutionProperties) = preSolution
		HideSolutionNode = FALSE
	EndGlobalSection
	GlobalSection(ExtensibilityGlobals) = postSolution
		SolutionGuid = {D01C43DC-D7D8-4472-9DAD-D6CFC0ED58A5}
	EndGlobalSection
EndGlobal
